
Microsoft Visual Studio Solution File, Format Version 12.00
# Visual Studio Version 17
VisualStudioVersion = 17.14.36109.1 d17.14
MinimumVisualStudioVersion = 10.0.40219.1
Project("{FAE04EC0-301F-11D3-BF4B-00C04F79EFBC}") = "Digital-Tools-Demo", "Digital-Tools-Demo\Digital-Tools-Demo.csproj", "{025F4B93-412B-43D9-ACCD-5BFA747B776B}"
EndProject
Global
	GlobalSection(SolutionConfigurationPlatforms) = preSolution
		Debug|Any CPU = Debug|Any CPU
		Release|Any CPU = Release|Any CPU
	EndGlobalSection
	GlobalSection(ProjectConfigurationPlatforms) = postSolution
		{025F4B93-412B-43D9-ACCD-5BFA747B776B}.Debug|Any CPU.ActiveCfg = Debug|Any CPU
		{025F4B93-412B-43D9-ACCD-5BFA747B776B}.Debug|Any CPU.Build.0 = Debug|Any CPU
		{025F4B93-412B-43D9-ACCD-5BFA747B776B}.Release|Any CPU.ActiveCfg = Release|Any CPU
		{025F4B93-412B-43D9-ACCD-5BFA747B776B}.Release|Any CPU.Build.0 = Release|Any CPU
	EndGlobalSection
	GlobalSection(SolutionProperties) = preSolution
		HideSolutionNode = FALSE
	EndGlobalSection
	GlobalSection(ExtensibilityGlobals) = postSolution
		SolutionGuid = {45EA161C-732D-4F94-B83B-8EB2E298A8B7}
	EndGlobalSection
EndGlobal
